
Microsoft Visual Studio Solution File, Format Version 12.00
# Visual Studio Version 16
VisualStudioVersion = 16.0.30413.136
MinimumVisualStudioVersion = 10.0.40219.1
Project("{FAE04EC0-301F-11D3-BF4B-00C04F79EFBC}") = "EjecutablePrototipoEF", "EjecutablePrototipoEF\EjecutablePrototipoEF.csproj", "{527297F6-2B23-48A3-BF73-ACBC6065AC50}"
EndProject
Global
	GlobalSection(SolutionConfigurationPlatforms) = preSolution
		Debug|Any CPU = Debug|Any CPU
		Release|Any CPU = Release|Any CPU
	EndGlobalSection
	GlobalSection(ProjectConfigurationPlatforms) = postSolution
		{527297F6-2B23-48A3-BF73-ACBC6065AC50}.Debug|Any CPU.ActiveCfg = Debug|Any CPU
		{527297F6-2B23-48A3-BF73-ACBC6065AC50}.Debug|Any CPU.Build.0 = Debug|Any CPU
		{527297F6-2B23-48A3-BF73-ACBC6065AC50}.Release|Any CPU.ActiveCfg = Release|Any CPU
		{527297F6-2B23-48A3-BF73-ACBC6065AC50}.Release|Any CPU.Build.0 = Release|Any CPU
	EndGlobalSection
	GlobalSection(SolutionProperties) = preSolution
		HideSolutionNode = FALSE
	EndGlobalSection
	GlobalSection(ExtensibilityGlobals) = postSolution
		SolutionGuid = {1996C0AA-A937-4E6A-94DB-58E8D54B311C}
	EndGlobalSection
EndGlobal
